
Microsoft Visual Studio Solution File, Format Version 12.00
# Visual Studio Version 16
VisualStudioVersion = 16.0.30709.132
MinimumVisualStudioVersion = 10.0.40219.1
Project("{FAE04EC0-301F-11D3-BF4B-00C04F79EFBC}") = "StyletTest", "StyletTest\StyletTest.csproj", "{201221BD-E0FF-4E8C-93A2-6E9B660DCACE}"
EndProject
Global
	GlobalSection(SolutionConfigurationPlatforms) = preSolution
		Debug|Any CPU = Debug|Any CPU
		Release|Any CPU = Release|Any CPU
	EndGlobalSection
	GlobalSection(ProjectConfigurationPlatforms) = postSolution
		{201221BD-E0FF-4E8C-93A2-6E9B660DCACE}.Debug|Any CPU.ActiveCfg = Debug|Any CPU
		{201221BD-E0FF-4E8C-93A2-6E9B660DCACE}.Debug|Any CPU.Build.0 = Debug|Any CPU
		{201221BD-E0FF-4E8C-93A2-6E9B660DCACE}.Release|Any CPU.ActiveCfg = Release|Any CPU
		{201221BD-E0FF-4E8C-93A2-6E9B660DCACE}.Release|Any CPU.Build.0 = Release|Any CPU
	EndGlobalSection
	GlobalSection(SolutionProperties) = preSolution
		HideSolutionNode = FALSE
	EndGlobalSection
	GlobalSection(ExtensibilityGlobals) = postSolution
		SolutionGuid = {A16DEE25-A73B-4D7B-9FBE-511D166B1EB7}
	EndGlobalSection
EndGlobal
